// !$*UTF8*$!
{
	archiveVersion = 1;
	classes = {
	};
	objectVersion = 56;
	objects = {

/* Begin PBXBuildFile section */
		FA85DA192977889D00FE8B88 /* Motion_BGApp.swift in Sources */ = {isa = PBXBuildFile; fileRef = FA85DA182977889D00FE8B88 /* Motion_BGApp.swift */; };
		FA85DA1B2977889D00FE8B88 /* ContentView.swift in Sources */ = {isa = PBXBuildFile; fileRef = FA85DA1A2977889D00FE8B88 /* ContentView.swift */; };
		FA85DA1D2977889E00FE8B88 /* Assets.xcassets in Resources */ = {isa = PBXBuildFile; fileRef = FA85DA1C2977889E00FE8B88 /* Assets.xcassets */; };
		FA85DA202977889E00FE8B88 /* Preview Assets.xcassets in Resources */ = {isa = PBXBuildFile; fileRef = FA85DA1F2977889E00FE8B88 /* Preview Assets.xcassets */; };
		FA85DA2B2977889E00FE8B88 /* Motion_BGTests.swift in Sources */ = {isa = PBXBuildFile; fileRef = FA85DA2A2977889E00FE8B88 /* Motion_BGTests.swift */; };
		FA85DA352977889E00FE8B88 /* Motion_BGUITests.swift in Sources */ = {isa = PBXBuildFile; fileRef = FA85DA342977889E00FE8B88 /* Motion_BGUITests.swift */; };
		FA85DA372977889E00FE8B88 /* Motion_BGUITestsLaunchTests.swift in Sources */ = {isa = PBXBuildFile; fileRef = FA85DA362977889E00FE8B88 /* Motion_BGUITestsLaunchTests.swift */; };
		FA85DA482977893500FE8B88 /* Background.swift in Sources */ = {isa = PBXBuildFile; fileRef = FA85DA472977893500FE8B88 /* Background.swift */; };
		FA85DA4E29778AD200FE8B88 /* Manager.swift in Sources */ = {isa = PBXBuildFile; fileRef = FA85DA4D29778AD200FE8B88 /* Manager.swift */; };
/* End PBXBuildFile section */

/* Begin PBXContainerItemProxy section */
		FA85DA272977889E00FE8B88 /* PBXContainerItemProxy */ = {
			isa = PBXContainerItemProxy;
			containerPortal = FA85DA0D2977889D00FE8B88 /* Project object */;
			proxyType = 1;
			remoteGlobalIDString = FA85DA142977889D00FE8B88;
			remoteInfo = "Motion BG";
		};
		FA85DA312977889E00FE8B88 /* PBXContainerItemProxy */ = {
			isa = PBXContainerItemProxy;
			containerPortal = FA85DA0D2977889D00FE8B88 /* Project object */;
			proxyType = 1;
			remoteGlobalIDString = FA85DA142977889D00FE8B88;
			remoteInfo = "Motion BG";
		};
/* End PBXContainerItemProxy section */

/* Begin PBXFileReference section */
		FA85DA152977889D00FE8B88 /* Motion BG.app */ = {isa = PBXFileReference; explicitFileType = wrapper.application; includeInIndex = 0; path = "Motion BG.app"; sourceTree = BUILT_PRODUCTS_DIR; };
		FA85DA182977889D00FE8B88 /* Motion_BGApp.swift */ = {isa = PBXFileReference; lastKnownFileType = sourcecode.swift; path = Motion_BGApp.swift; sourceTree = "<group>"; };
		FA85DA1A2977889D00FE8B88 /* ContentView.swift */ = {isa = PBXFileReference; lastKnownFileType = sourcecode.swift; path = ContentView.swift; sourceTree = "<group>"; };
		FA85DA1C2977889E00FE8B88 /* Assets.xcassets */ = {isa = PBXFileReference; lastKnownFileType = folder.assetcatalog; path = Assets.xcassets; sourceTree = "<group>"; };
		FA85DA1F2977889E00FE8B88 /* Preview Assets.xcassets */ = {isa = PBXFileReference; lastKnownFileType = folder.assetcatalog; path = "Preview Assets.xcassets"; sourceTree = "<group>"; };
		FA85DA212977889E00FE8B88 /* Motion_BG.entitlements */ = {isa = PBXFileReference; lastKnownFileType = text.plist.entitlements; path = Motion_BG.entitlements; sourceTree = "<group>"; };
		FA85DA262977889E00FE8B88 /* Motion BGTests.xctest */ = {isa = PBXFileReference; explicitFileType = wrapper.cfbundle; includeInIndex = 0; path = "Motion BGTests.xctest"; sourceTree = BUILT_PRODUCTS_DIR; };
		FA85DA2A2977889E00FE8B88 /* Motion_BGTests.swift */ = {isa = PBXFileReference; lastKnownFileType = sourcecode.swift; path = Motion_BGTests.swift; sourceTree = "<group>"; };
		FA85DA302977889E00FE8B88 /* Motion BGUITests.xctest */ = {isa = PBXFileReference; explicitFileType = wrapper.cfbundle; includeInIndex = 0; path = "Motion BGUITests.xctest"; sourceTree = BUILT_PRODUCTS_DIR; };
		FA85DA342977889E00FE8B88 /* Motion_BGUITests.swift */ = {isa = PBXFileReference; lastKnownFileType = sourcecode.swift; path = Motion_BGUITests.swift; sourceTree = "<group>"; };
		FA85DA362977889E00FE8B88 /* Motion_BGUITestsLaunchTests.swift */ = {isa = PBXFileReference; lastKnownFileType = sourcecode.swift; path = Motion_BGUITestsLaunchTests.swift; sourceTree = "<group>"; };
		FA85DA472977893500FE8B88 /* Background.swift */ = {isa = PBXFileReference; lastKnownFileType = sourcecode.swift; path = Background.swift; sourceTree = "<group>"; };
		FA85DA4D29778AD200FE8B88 /* Manager.swift */ = {isa = PBXFileReference; lastKnownFileType = sourcecode.swift; path = Manager.swift; sourceTree = "<group>"; };
/* End PBXFileReference section */

/* Begin PBXFrameworksBuildPhase section */
		FA85DA122977889D00FE8B88 /* Frameworks */ = {
			isa = PBXFrameworksBuildPhase;
			buildActionMask = 2147483647;
			files = (
			);
			runOnlyForDeploymentPostprocessing = 0;
		};
		FA85DA232977889E00FE8B88 /* Frameworks */ = {
			isa = PBXFrameworksBuildPhase;
			buildActionMask = 2147483647;
			files = (
			);
			runOnlyForDeploymentPostprocessing = 0;
		};
		FA85DA2D2977889E00FE8B88 /* Frameworks */ = {
			isa = PBXFrameworksBuildPhase;
			buildActionMask = 2147483647;
			files = (
			);
			runOnlyForDeploymentPostprocessing = 0;
		};
/* End PBXFrameworksBuildPhase section */

/* Begin PBXGroup section */
		FA85DA0C2977889D00FE8B88 = {
			isa = PBXGroup;
			children = (
				FA85DA4C297789CF00FE8B88 /* Scripts */,
				FA85DA172977889D00FE8B88 /* Motion BG */,
				FA85DA292977889E00FE8B88 /* Motion BGTests */,
				FA85DA332977889E00FE8B88 /* Motion BGUITests */,
				FA85DA162977889D00FE8B88 /* Products */,
			);
			sourceTree = "<group>";
		};
		FA85DA162977889D00FE8B88 /* Products */ = {
			isa = PBXGroup;
			children = (
				FA85DA152977889D00FE8B88 /* Motion BG.app */,
				FA85DA262977889E00FE8B88 /* Motion BGTests.xctest */,
				FA85DA302977889E00FE8B88 /* Motion BGUITests.xctest */,
			);
			name = Products;
			sourceTree = "<group>";
		};
		FA85DA172977889D00FE8B88 /* Motion BG */ = {
			isa = PBXGroup;
			children = (
				FA85DA182977889D00FE8B88 /* Motion_BGApp.swift */,
				FA85DA1A2977889D00FE8B88 /* ContentView.swift */,
				FA85DA1C2977889E00FE8B88 /* Assets.xcassets */,
				FA85DA212977889E00FE8B88 /* Motion_BG.entitlements */,
				FA85DA1E2977889E00FE8B88 /* Preview Content */,
			);
			path = "Motion BG";
			sourceTree = "<group>";
		};
		FA85DA1E2977889E00FE8B88 /* Preview Content */ = {
			isa = PBXGroup;
			children = (
				FA85DA1F2977889E00FE8B88 /* Preview Assets.xcassets */,
			);
			path = "Preview Content";
			sourceTree = "<group>";
		};
		FA85DA292977889E00FE8B88 /* Motion BGTests */ = {
			isa = PBXGroup;
			children = (
				FA85DA2A2977889E00FE8B88 /* Motion_BGTests.swift */,
			);
			path = "Motion BGTests";
			sourceTree = "<group>";
		};
		FA85DA332977889E00FE8B88 /* Motion BGUITests */ = {
			isa = PBXGroup;
			children = (
				FA85DA342977889E00FE8B88 /* Motion_BGUITests.swift */,
				FA85DA362977889E00FE8B88 /* Motion_BGUITestsLaunchTests.swift */,
			);
			path = "Motion BGUITests";
			sourceTree = "<group>";
		};
		FA85DA4C297789CF00FE8B88 /* Scripts */ = {
			isa = PBXGroup;
			children = (
				FA85DA472977893500FE8B88 /* Background.swift */,
				FA85DA4D29778AD200FE8B88 /* Manager.swift */,
			);
			path = Scripts;
			sourceTree = "<group>";
		};
/* End PBXGroup section */

/* Begin PBXNativeTarget section */
		FA85DA142977889D00FE8B88 /* Motion BG */ = {
			isa = PBXNativeTarget;
			buildConfigurationList = FA85DA3A2977889E00FE8B88 /* Build configuration list for PBXNativeTarget "Motion BG" */;
			buildPhases = (
				FA85DA112977889D00FE8B88 /* Sources */,
				FA85DA122977889D00FE8B88 /* Frameworks */,
				FA85DA132977889D00FE8B88 /* Resources */,
			);
			buildRules = (
			);
			dependencies = (
			);
			name = "Motion BG";
			productName = "Motion BG";
			productReference = FA85DA152977889D00FE8B88 /* Motion BG.app */;
			productType = "com.apple.product-type.application";
		};
		FA85DA252977889E00FE8B88 /* Motion BGTests */ = {
			isa = PBXNativeTarget;
			buildConfigurationList = FA85DA3D2977889E00FE8B88 /* Build configuration list for PBXNativeTarget "Motion BGTests" */;
			buildPhases = (
				FA85DA222977889E00FE8B88 /* Sources */,
				FA85DA232977889E00FE8B88 /* Frameworks */,
				FA85DA242977889E00FE8B88 /* Resources */,
			);
			buildRules = (
			);
			dependencies = (
				FA85DA282977889E00FE8B88 /* PBXTargetDependency */,
			);
			name = "Motion BGTests";
			productName = "Motion BGTests";
			productReference = FA85DA262977889E00FE8B88 /* Motion BGTests.xctest */;
			productType = "com.apple.product-type.bundle.unit-test";
		};
		FA85DA2F2977889E00FE8B88 /* Motion BGUITests */ = {
			isa = PBXNativeTarget;
			buildConfigurationList = FA85DA402977889E00FE8B88 /* Build configuration list for PBXNativeTarget "Motion BGUITests" */;
			buildPhases = (
				FA85DA2C2977889E00FE8B88 /* Sources */,
				FA85DA2D2977889E00FE8B88 /* Frameworks */,
				FA85DA2E2977889E00FE8B88 /* Resources */,
			);
			buildRules = (
			);
			dependencies = (
				FA85DA322977889E00FE8B88 /* PBXTargetDependency */,
			);
			name = "Motion BGUITests";
			productName = "Motion BGUITests";
			productReference = FA85DA302977889E00FE8B88 /* Motion BGUITests.xctest */;
			productType = "com.apple.product-type.bundle.ui-testing";
		};
/* End PBXNativeTarget section */

/* Begin PBXProject section */
		FA85DA0D2977889D00FE8B88 /* Project object */ = {
			isa = PBXProject;
			attributes = {
				BuildIndependentTargetsInParallel = 1;
				LastSwiftUpdateCheck = 1420;
				LastUpgradeCheck = 1420;
				TargetAttributes = {
					FA85DA142977889D00FE8B88 = {
						CreatedOnToolsVersion = 14.2;
					};
					FA85DA252977889E00FE8B88 = {
						CreatedOnToolsVersion = 14.2;
						TestTargetID = FA85DA142977889D00FE8B88;
					};
					FA85DA2F2977889E00FE8B88 = {
						CreatedOnToolsVersion = 14.2;
						TestTargetID = FA85DA142977889D00FE8B88;
					};
				};
			};
			buildConfigurationList = FA85DA102977889D00FE8B88 /* Build configuration list for PBXProject "Motion BG" */;
			compatibilityVersion = "Xcode 14.0";
			developmentRegion = en;
			hasScannedForEncodings = 0;
			knownRegions = (
				en,
				Base,
			);
			mainGroup = FA85DA0C2977889D00FE8B88;
			productRefGroup = FA85DA162977889D00FE8B88 /* Products */;
			projectDirPath = "";
			projectRoot = "";
			targets = (
				FA85DA142977889D00FE8B88 /* Motion BG */,
				FA85DA252977889E00FE8B88 /* Motion BGTests */,
				FA85DA2F2977889E00FE8B88 /* Motion BGUITests */,
			);
		};
/* End PBXProject section */

/* Begin PBXResourcesBuildPhase section */
		FA85DA132977889D00FE8B88 /* Resources */ = {
			isa = PBXResourcesBuildPhase;
			buildActionMask = 2147483647;
			files = (
				FA85DA202977889E00FE8B88 /* Preview Assets.xcassets in Resources */,
				FA85DA1D2977889E00FE8B88 /* Assets.xcassets in Resources */,
			);
			runOnlyForDeploymentPostprocessing = 0;
		};
		FA85DA242977889E00FE8B88 /* Resources */ = {
			isa = PBXResourcesBuildPhase;
			buildActionMask = 2147483647;
			files = (
			);
			runOnlyForDeploymentPostprocessing = 0;
		};
		FA85DA2E2977889E00FE8B88 /* Resources */ = {
			isa = PBXResourcesBuildPhase;
			buildActionMask = 2147483647;
			files = (
			);
			runOnlyForDeploymentPostprocessing = 0;
		};
/* End PBXResourcesBuildPhase section */

/* Begin PBXSourcesBuildPhase section */
		FA85DA112977889D00FE8B88 /* Sources */ = {
			isa = PBXSourcesBuildPhase;
			buildActionMask = 2147483647;
			files = (
				FA85DA1B2977889D00FE8B88 /* ContentView.swift in Sources */,
				FA85DA192977889D00FE8B88 /* Motion_BGApp.swift in Sources */,
				FA85DA482977893500FE8B88 /* Background.swift in Sources */,
				FA85DA4E29778AD200FE8B88 /* Manager.swift in Sources */,
			);
			runOnlyForDeploymentPostprocessing = 0;
		};
		FA85DA222977889E00FE8B88 /* Sources */ = {
			isa = PBXSourcesBuildPhase;
			buildActionMask = 2147483647;
			files = (
				FA85DA2B2977889E00FE8B88 /* Motion_BGTests.swift in Sources */,
			);
			runOnlyForDeploymentPostprocessing = 0;
		};
		FA85DA2C2977889E00FE8B88 /* Sources */ = {
			isa = PBXSourcesBuildPhase;
			buildActionMask = 2147483647;
			files = (
				FA85DA352977889E00FE8B88 /* Motion_BGUITests.swift in Sources */,
				FA85DA372977889E00FE8B88 /* Motion_BGUITestsLaunchTests.swift in Sources */,
			);
			runOnlyForDeploymentPostprocessing = 0;
		};
/* End PBXSourcesBuildPhase section */

/* Begin PBXTargetDependency section */
		FA85DA282977889E00FE8B88 /* PBXTargetDependency */ = {
			isa = PBXTargetDependency;
			target = FA85DA142977889D00FE8B88 /* Motion BG */;
			targetProxy = FA85DA272977889E00FE8B88 /* PBXContainerItemProxy */;
		};
		FA85DA322977889E00FE8B88 /* PBXTargetDependency */ = {
			isa = PBXTargetDependency;
			target = FA85DA142977889D00FE8B88 /* Motion BG */;
			targetProxy = FA85DA312977889E00FE8B88 /* PBXContainerItemProxy */;
		};
/* End PBXTargetDependency section */

/* Begin XCBuildConfiguration section */
		FA85DA382977889E00FE8B88 /* Debug */ = {
			isa = XCBuildConfiguration;
			buildSettings = {
				ALWAYS_SEARCH_USER_PATHS = NO;
				CLANG_ANALYZER_NONNULL = YES;
				CLANG_ANALYZER_NUMBER_OBJECT_CONVERSION = YES_AGGRESSIVE;
				CLANG_CXX_LANGUAGE_STANDARD = "gnu++20";
				CLANG_ENABLE_MODULES = YES;
				CLANG_ENABLE_OBJC_ARC = YES;
				CLANG_ENABLE_OBJC_WEAK = YES;
				CLANG_WARN_BLOCK_CAPTURE_AUTORELEASING = YES;
				CLANG_WARN_BOOL_CONVERSION = YES;
				CLANG_WARN_COMMA = YES;
				CLANG_WARN_CONSTANT_CONVERSION = YES;
				CLANG_WARN_DEPRECATED_OBJC_IMPLEMENTATIONS = YES;
				CLANG_WARN_DIRECT_OBJC_ISA_USAGE = YES_ERROR;
				CLANG_WARN_DOCUMENTATION_COMMENTS = YES;
				CLANG_WARN_EMPTY_BODY = YES;
				CLANG_WARN_ENUM_CONVERSION = YES;
				CLANG_WARN_INFINITE_RECURSION = YES;
				CLANG_WARN_INT_CONVERSION = YES;
				CLANG_WARN_NON_LITERAL_NULL_CONVERSION = YES;
				CLANG_WARN_OBJC_IMPLICIT_RETAIN_SELF = YES;
				CLANG_WARN_OBJC_LITERAL_CONVERSION = YES;
				CLANG_WARN_OBJC_ROOT_CLASS = YES_ERROR;
				CLANG_WARN_QUOTED_INCLUDE_IN_FRAMEWORK_HEADER = YES;
				CLANG_WARN_RANGE_LOOP_ANALYSIS = YES;
				CLANG_WARN_STRICT_PROTOTYPES = YES;
				CLANG_WARN_SUSPICIOUS_MOVE = YES;
				CLANG_WARN_UNGUARDED_AVAILABILITY = YES_AGGRESSIVE;
				CLANG_WARN_UNREACHABLE_CODE = YES;
				CLANG_WARN__DUPLICATE_METHOD_MATCH = YES;
				COPY_PHASE_STRIP = NO;
				DEBUG_INFORMATION_FORMAT = dwarf;
				ENABLE_STRICT_OBJC_MSGSEND = YES;
				ENABLE_TESTABILITY = YES;
				GCC_C_LANGUAGE_STANDARD = gnu11;
				GCC_DYNAMIC_NO_PIC = NO;
				GCC_NO_COMMON_BLOCKS = YES;
				GCC_OPTIMIZATION_LEVEL = 0;
				GCC_PREPROCESSOR_DEFINITIONS = (
					"DEBUG=1",
					"$(inherited)",
				);
				GCC_WARN_64_TO_32_BIT_CONVERSION = YES;
				GCC_WARN_ABOUT_RETURN_TYPE = YES_ERROR;
				GCC_WARN_UNDECLARED_SELECTOR = YES;
				GCC_WARN_UNINITIALIZED_AUTOS = YES_AGGRESSIVE;
				GCC_WARN_UNUSED_FUNCTION = YES;
				GCC_WARN_UNUSED_VARIABLE = YES;
				MACOSX_DEPLOYMENT_TARGET = 13.1;
				MTL_ENABLE_DEBUG_INFO = INCLUDE_SOURCE;
				MTL_FAST_MATH = YES;
				ONLY_ACTIVE_ARCH = YES;
				SDKROOT = macosx;
				SWIFT_ACTIVE_COMPILATION_CONDITIONS = DEBUG;
				SWIFT_OPTIMIZATION_LEVEL = "-Onone";
			};
			name = Debug;
		};
		FA85DA392977889E00FE8B88 /* Release */ = {
			isa = XCBuildConfiguration;
			buildSettings = {
				ALWAYS_SEARCH_USER_PATHS = NO;
				CLANG_ANALYZER_NONNULL = YES;
				CLANG_ANALYZER_NUMBER_OBJECT_CONVERSION = YES_AGGRESSIVE;
				CLANG_CXX_LANGUAGE_STANDARD = "gnu++20";
				CLANG_ENABLE_MODULES = YES;
				CLANG_ENABLE_OBJC_ARC = YES;
				CLANG_ENABLE_OBJC_WEAK = YES;
				CLANG_WARN_BLOCK_CAPTURE_AUTORELEASING = YES;
				CLANG_WARN_BOOL_CONVERSION = YES;
				CLANG_WARN_COMMA = YES;
				CLANG_WARN_CONSTANT_CONVERSION = YES;
				CLANG_WARN_DEPRECATED_OBJC_IMPLEMENTATIONS = YES;
				CLANG_WARN_DIRECT_OBJC_ISA_USAGE = YES_ERROR;
				CLANG_WARN_DOCUMENTATION_COMMENTS = YES;
				CLANG_WARN_EMPTY_BODY = YES;
				CLANG_WARN_ENUM_CONVERSION = YES;
				CLANG_WARN_INFINITE_RECURSION = YES;
				CLANG_WARN_INT_CONVERSION = YES;
				CLANG_WARN_NON_LITERAL_NULL_CONVERSION = YES;
				CLANG_WARN_OBJC_IMPLICIT_RETAIN_SELF = YES;
				CLANG_WARN_OBJC_LITERAL_CONVERSION = YES;
				CLANG_WARN_OBJC_ROOT_CLASS = YES_ERROR;
				CLANG_WARN_QUOTED_INCLUDE_IN_FRAMEWORK_HEADER = YES;
				CLANG_WARN_RANGE_LOOP_ANALYSIS = YES;
				CLANG_WARN_STRICT_PROTOTYPES = YES;
				CLANG_WARN_SUSPICIOUS_MOVE = YES;
				CLANG_WARN_UNGUARDED_AVAILABILITY = YES_AGGRESSIVE;
				CLANG_WARN_UNREACHABLE_CODE = YES;
				CLANG_WARN__DUPLICATE_METHOD_MATCH = YES;
				COPY_PHASE_STRIP = NO;
				DEBUG_INFORMATION_FORMAT = "dwarf-with-dsym";
				ENABLE_NS_ASSERTIONS = NO;
				ENABLE_STRICT_OBJC_MSGSEND = YES;
				GCC_C_LANGUAGE_STANDARD = gnu11;
				GCC_NO_COMMON_BLOCKS = YES;
				GCC_WARN_64_TO_32_BIT_CONVERSION = YES;
				GCC_WARN_ABOUT_RETURN_TYPE = YES_ERROR;
				GCC_WARN_UNDECLARED_SELECTOR = YES;
				GCC_WARN_UNINITIALIZED_AUTOS = YES_AGGRESSIVE;
				GCC_WARN_UNUSED_FUNCTION = YES;
				GCC_WARN_UNUSED_VARIABLE = YES;
				MACOSX_DEPLOYMENT_TARGET = 13.1;
				MTL_ENABLE_DEBUG_INFO = NO;
				MTL_FAST_MATH = YES;
				SDKROOT = macosx;
				SWIFT_COMPILATION_MODE = wholemodule;
				SWIFT_OPTIMIZATION_LEVEL = "-O";
			};
			name = Release;
		};
		FA85DA3B2977889E00FE8B88 /* Debug */ = {
			isa = XCBuildConfiguration;
			buildSettings = {
				ASSETCATALOG_COMPILER_APPICON_NAME = AppIcon;
				ASSETCATALOG_COMPILER_GLOBAL_ACCENT_COLOR_NAME = AccentColor;
				CODE_SIGN_ENTITLEMENTS = "Motion BG/Motion_BG.entitlements";
				CODE_SIGN_STYLE = Automatic;
				COMBINE_HIDPI_IMAGES = YES;
				CURRENT_PROJECT_VERSION = 1;
				DEVELOPMENT_ASSET_PATHS = "\"Motion BG/Preview Content\"";
				DEVELOPMENT_TEAM = 6F3P8KZJAM;
				ENABLE_HARDENED_RUNTIME = YES;
				ENABLE_PREVIEWS = YES;
				GENERATE_INFOPLIST_FILE = YES;
				INFOPLIST_KEY_NSHumanReadableCopyright = "";
				LD_RUNPATH_SEARCH_PATHS = (
					"$(inherited)",
					"@executable_path/../Frameworks",
				);
				MARKETING_VERSION = 1.0;
				PRODUCT_BUNDLE_IDENTIFIER = "com.alexsteiner.Motion-BG";
				PRODUCT_NAME = "$(TARGET_NAME)";
				SWIFT_EMIT_LOC_STRINGS = YES;
				SWIFT_VERSION = 5.0;
			};
			name = Debug;
		};
		FA85DA3C2977889E00FE8B88 /* Release */ = {
			isa = XCBuildConfiguration;
			buildSettings = {
				ASSETCATALOG_COMPILER_APPICON_NAME = AppIcon;
				ASSETCATALOG_COMPILER_GLOBAL_ACCENT_COLOR_NAME = AccentColor;
				CODE_SIGN_ENTITLEMENTS = "Motion BG/Motion_BG.entitlements";
				CODE_SIGN_STYLE = Automatic;
				COMBINE_HIDPI_IMAGES = YES;
				CURRENT_PROJECT_VERSION = 1;
				DEVELOPMENT_ASSET_PATHS = "\"Motion BG/Preview Content\"";
				DEVELOPMENT_TEAM = 6F3P8KZJAM;
				ENABLE_HARDENED_RUNTIME = YES;
				ENABLE_PREVIEWS = YES;
				GENERATE_INFOPLIST_FILE = YES;
				INFOPLIST_KEY_NSHumanReadableCopyright = "";
				LD_RUNPATH_SEARCH_PATHS = (
					"$(inherited)",
					"@executable_path/../Frameworks",
				);
				MARKETING_VERSION = 1.0;
				PRODUCT_BUNDLE_IDENTIFIER = "com.alexsteiner.Motion-BG";
				PRODUCT_NAME = "$(TARGET_NAME)";
				SWIFT_EMIT_LOC_STRINGS = YES;
				SWIFT_VERSION = 5.0;
			};
			name = Release;
		};
		FA85DA3E2977889E00FE8B88 /* Debug */ = {
			isa = XCBuildConfiguration;
			buildSettings = {
				ALWAYS_EMBED_SWIFT_STANDARD_LIBRARIES = YES;
				BUNDLE_LOADER = "$(TEST_HOST)";
				CODE_SIGN_STYLE = Automatic;
				CURRENT_PROJECT_VERSION = 1;
				DEVELOPMENT_TEAM = 6F3P8KZJAM;
				GENERATE_INFOPLIST_FILE = YES;
				MACOSX_DEPLOYMENT_TARGET = 13.1;
				MARKETING_VERSION = 1.0;
				PRODUCT_BUNDLE_IDENTIFIER = "com.alexsteiner.Motion-BGTests";
				PRODUCT_NAME = "$(TARGET_NAME)";
				SWIFT_EMIT_LOC_STRINGS = NO;
				SWIFT_VERSION = 5.0;
				TEST_HOST = "$(BUILT_PRODUCTS_DIR)/Motion BG.app/$(BUNDLE_EXECUTABLE_FOLDER_PATH)/Motion BG";
			};
			name = Debug;
		};
		FA85DA3F2977889E00FE8B88 /* Release */ = {
			isa = XCBuildConfiguration;
			buildSettings = {
				ALWAYS_EMBED_SWIFT_STANDARD_LIBRARIES = YES;
				BUNDLE_LOADER = "$(TEST_HOST)";
				CODE_SIGN_STYLE = Automatic;
				CURRENT_PROJECT_VERSION = 1;
				DEVELOPMENT_TEAM = 6F3P8KZJAM;
				GENERATE_INFOPLIST_FILE = YES;
				MACOSX_DEPLOYMENT_TARGET = 13.1;
				MARKETING_VERSION = 1.0;
				PRODUCT_BUNDLE_IDENTIFIER = "com.alexsteiner.Motion-BGTests";
				PRODUCT_NAME = "$(TARGET_NAME)";
				SWIFT_EMIT_LOC_STRINGS = NO;
				SWIFT_VERSION = 5.0;
				TEST_HOST = "$(BUILT_PRODUCTS_DIR)/Motion BG.app/$(BUNDLE_EXECUTABLE_FOLDER_PATH)/Motion BG";
			};
			name = Release;
		};
		FA85DA412977889E00FE8B88 /* Debug */ = {
			isa = XCBuildConfiguration;
			buildSettings = {
				ALWAYS_EMBED_SWIFT_STANDARD_LIBRARIES = YES;
				CODE_SIGN_STYLE = Automatic;
				CURRENT_PROJECT_VERSION = 1;
				DEVELOPMENT_TEAM = 6F3P8KZJAM;
				GENERATE_INFOPLIST_FILE = YES;
				MARKETING_VERSION = 1.0;
				PRODUCT_BUNDLE_IDENTIFIER = "com.alexsteiner.Motion-BGUITests";
				PRODUCT_NAME = "$(TARGET_NAME)";
				SWIFT_EMIT_LOC_STRINGS = NO;
				SWIFT_VERSION = 5.0;
				TEST_TARGET_NAME = "Motion BG";
			};
			name = Debug;
		};
		FA85DA422977889E00FE8B88 /* Release */ = {
			isa = XCBuildConfiguration;
			buildSettings = {
				ALWAYS_EMBED_SWIFT_STANDARD_LIBRARIES = YES;
				CODE_SIGN_STYLE = Automatic;
				CURRENT_PROJECT_VERSION = 1;
				DEVELOPMENT_TEAM = 6F3P8KZJAM;
				GENERATE_INFOPLIST_FILE = YES;
				MARKETING_VERSION = 1.0;
				PRODUCT_BUNDLE_IDENTIFIER = "com.alexsteiner.Motion-BGUITests";
				PRODUCT_NAME = "$(TARGET_NAME)";
				SWIFT_EMIT_LOC_STRINGS = NO;
				SWIFT_VERSION = 5.0;
				TEST_TARGET_NAME = "Motion BG";
			};
			name = Release;
		};
/* End XCBuildConfiguration section */

/* Begin XCConfigurationList section */
		FA85DA102977889D00FE8B88 /* Build configuration list for PBXProject "Motion BG" */ = {
			isa = XCConfigurationList;
			buildConfigurations = (
				FA85DA382977889E00FE8B88 /* Debug */,
				FA85DA392977889E00FE8B88 /* Release */,
			);
			defaultConfigurationIsVisible = 0;
			defaultConfigurationName = Release;
		};
		FA85DA3A2977889E00FE8B88 /* Build configuration list for PBXNativeTarget "Motion BG" */ = {
			isa = XCConfigurationList;
			buildConfigurations = (
				FA85DA3B2977889E00FE8B88 /* Debug */,
				FA85DA3C2977889E00FE8B88 /* Release */,
			);
			defaultConfigurationIsVisible = 0;
			defaultConfigurationName = Release;
		};
		FA85DA3D2977889E00FE8B88 /* Build configuration list for PBXNativeTarget "Motion BGTests" */ = {
			isa = XCConfigurationList;
			buildConfigurations = (
				FA85DA3E2977889E00FE8B88 /* Debug */,
				FA85DA3F2977889E00FE8B88 /* Release */,
			);
			defaultConfigurationIsVisible = 0;
			defaultConfigurationName = Release;
		};
		FA85DA402977889E00FE8B88 /* Build configuration list for PBXNativeTarget "Motion BGUITests" */ = {
			isa = XCConfigurationList;
			buildConfigurations = (
				FA85DA412977889E00FE8B88 /* Debug */,
				FA85DA422977889E00FE8B88 /* Release */,
			);
			defaultConfigurationIsVisible = 0;
			defaultConfigurationName = Release;
		};
/* End XCConfigurationList section */
	};
	rootObject = FA85DA0D2977889D00FE8B88 /* Project object */;
}
